
Microsoft Visual Studio Solution File, Format Version 12.00
# Visual Studio Version 17
VisualStudioVersion = 17.14.36301.6 d17.14
MinimumVisualStudioVersion = 10.0.40219.1
Project("{FAE04EC0-301F-11D3-BF4B-00C04F79EFBC}") = "UnlimitedLuckCounter", "UnlimitedLuckCounter\UnlimitedLuckCounter.csproj", "{A57E17C0-BA8E-4FC1-886C-32313E17D27C}"
EndProject
Global
	GlobalSection(SolutionConfigurationPlatforms) = preSolution
		Debug|Any CPU = Debug|Any CPU
		Release|Any CPU = Release|Any CPU
	EndGlobalSection
	GlobalSection(ProjectConfigurationPlatforms) = postSolution
		{A57E17C0-BA8E-4FC1-886C-32313E17D27C}.Debug|Any CPU.ActiveCfg = Debug|Any CPU
		{A57E17C0-BA8E-4FC1-886C-32313E17D27C}.Debug|Any CPU.Build.0 = Debug|Any CPU
		{A57E17C0-BA8E-4FC1-886C-32313E17D27C}.Release|Any CPU.ActiveCfg = Release|Any CPU
		{A57E17C0-BA8E-4FC1-886C-32313E17D27C}.Release|Any CPU.Build.0 = Release|Any CPU
	EndGlobalSection
	GlobalSection(SolutionProperties) = preSolution
		HideSolutionNode = FALSE
	EndGlobalSection
	GlobalSection(ExtensibilityGlobals) = postSolution
		SolutionGuid = {B62E4D55-C14E-499D-8867-F6BB3CD987F1}
	EndGlobalSection
EndGlobal
